
Microsoft Visual Studio Solution File, Format Version 12.00
# Visual Studio Version 17
VisualStudioVersion = 17.12.35707.178 d17.12
MinimumVisualStudioVersion = 10.0.40219.1
Project("{FAE04EC0-301F-11D3-BF4B-00C04F79EFBC}") = "Zatka_Impementation_Testing", "Zatka_Impementation\Zatka_Impementation_Testing.csproj", "{7E2A07DD-718F-4F9B-863B-FE5E7BFC633E}"
EndProject
Project("{FAE04EC0-301F-11D3-BF4B-00C04F79EFBC}") = "Zatka_Impementation.AppHost", "Zatka_Impementation.AppHost\Zatka_Impementation.AppHost.csproj", "{FC571594-2EFC-40FB-A5CC-85B5D4D238C6}"
EndProject
Project("{FAE04EC0-301F-11D3-BF4B-00C04F79EFBC}") = "Zatka_Impementation.ServiceDefaults", "Zatka_Impementation.ServiceDefaults\Zatka_Impementation.ServiceDefaults.csproj", "{89AD2554-479E-4A6C-B2CE-C1C6EE611E17}"
EndProject
Global
	GlobalSection(SolutionConfigurationPlatforms) = preSolution
		Debug|Any CPU = Debug|Any CPU
		Release|Any CPU = Release|Any CPU
	EndGlobalSection
	GlobalSection(ProjectConfigurationPlatforms) = postSolution
		{7E2A07DD-718F-4F9B-863B-FE5E7BFC633E}.Debug|Any CPU.ActiveCfg = Debug|Any CPU
		{7E2A07DD-718F-4F9B-863B-FE5E7BFC633E}.Debug|Any CPU.Build.0 = Debug|Any CPU
		{7E2A07DD-718F-4F9B-863B-FE5E7BFC633E}.Release|Any CPU.ActiveCfg = Release|Any CPU
		{7E2A07DD-718F-4F9B-863B-FE5E7BFC633E}.Release|Any CPU.Build.0 = Release|Any CPU
		{FC571594-2EFC-40FB-A5CC-85B5D4D238C6}.Debug|Any CPU.ActiveCfg = Debug|Any CPU
		{FC571594-2EFC-40FB-A5CC-85B5D4D238C6}.Debug|Any CPU.Build.0 = Debug|Any CPU
		{FC571594-2EFC-40FB-A5CC-85B5D4D238C6}.Release|Any CPU.ActiveCfg = Release|Any CPU
		{FC571594-2EFC-40FB-A5CC-85B5D4D238C6}.Release|Any CPU.Build.0 = Release|Any CPU
		{89AD2554-479E-4A6C-B2CE-C1C6EE611E17}.Debug|Any CPU.ActiveCfg = Debug|Any CPU
		{89AD2554-479E-4A6C-B2CE-C1C6EE611E17}.Debug|Any CPU.Build.0 = Debug|Any CPU
		{89AD2554-479E-4A6C-B2CE-C1C6EE611E17}.Release|Any CPU.ActiveCfg = Release|Any CPU
		{89AD2554-479E-4A6C-B2CE-C1C6EE611E17}.Release|Any CPU.Build.0 = Release|Any CPU
	EndGlobalSection
	GlobalSection(SolutionProperties) = preSolution
		HideSolutionNode = FALSE
	EndGlobalSection
EndGlobal
